# Generated by move; do not edit
# This file should be checked in.

[move]
version = 4

[pinned.testnet.MoveStdlib]
source = { git = "https://github.com/MystenLabs/sui.git", subdir = "crates/sui-framework/packages/move-stdlib", rev = "b979a730b73afb8e5f9a9672fa7b09afbff6479b" }
use_environment = "testnet"
manifest_digest = "C4FE4C91DE74CBF223B2E380AE40F592177D21870DC2D7EB6227D2D694E05363"
deps = {}

[pinned.testnet.Sui]
source = { git = "https://github.com/MystenLabs/sui.git", subdir = "crates/sui-framework/packages/sui-framework", rev = "b979a730b73afb8e5f9a9672fa7b09afbff6479b" }
use_environment = "testnet"
manifest_digest = "7AFB66695545775FBFBB2D3078ADFD084244D5002392E837FDE21D9EA1C6D01C"
deps = { MoveStdlib = "MoveStdlib" }

[pinned.testnet.token]
source = { root = true }
use_environment = "testnet"
manifest_digest = "5745706258F61D6CE210904B3E6AE87A73CE9D31A6F93BE4718C442529332A87"
deps = { std = "MoveStdlib", sui = "Sui" }

[pinned.testnet_stillness.MoveStdlib]
source = { git = "https://github.com/MystenLabs/sui.git", subdir = "crates/sui-framework/packages/move-stdlib", rev = "b979a730b73afb8e5f9a9672fa7b09afbff6479b" }
use_environment = "testnet_stillness"
manifest_digest = "C4FE4C91DE74CBF223B2E380AE40F592177D21870DC2D7EB6227D2D694E05363"
deps = {}

[pinned.testnet_stillness.Sui]
source = { git = "https://github.com/MystenLabs/sui.git", subdir = "crates/sui-framework/packages/sui-framework", rev = "b979a730b73afb8e5f9a9672fa7b09afbff6479b" }
use_environment = "testnet_stillness"
manifest_digest = "38D8855849DF7CA0FAD3B9510DD9EC3755149F5B283E45CA6547194ADFF90D73"
deps = { MoveStdlib = "MoveStdlib" }

[pinned.testnet_stillness.token]
source = { root = true }
use_environment = "testnet_stillness"
manifest_digest = "16363423CD37589C5B9A56E3F9E984FED988276E0134635135B45CB4480A9484"
deps = { std = "MoveStdlib", sui = "Sui" }

[pinned.testnet_utopia.MoveStdlib]
source = { git = "https://github.com/MystenLabs/sui.git", subdir = "crates/sui-framework/packages/move-stdlib", rev = "b979a730b73afb8e5f9a9672fa7b09afbff6479b" }
use_environment = "testnet_utopia"
manifest_digest = "C4FE4C91DE74CBF223B2E380AE40F592177D21870DC2D7EB6227D2D694E05363"
deps = {}

[pinned.testnet_utopia.Sui]
source = { git = "https://github.com/MystenLabs/sui.git", subdir = "crates/sui-framework/packages/sui-framework", rev = "b979a730b73afb8e5f9a9672fa7b09afbff6479b" }
use_environment = "testnet_utopia"
manifest_digest = "9180BCCAED6A8C6414AF693DC2ABBAFDB0B4A4A1D5A4272617BCD455B201BEC2"
deps = { MoveStdlib = "MoveStdlib" }

[pinned.testnet_utopia.token]
source = { root = true }
use_environment = "testnet_utopia"
manifest_digest = "9F551938EB5AD61A0380873EAE676BEEB3328A36774B6653FA7CC61AEB133EC7"
deps = { std = "MoveStdlib", sui = "Sui" }

[pinned.testnet_wip.MoveStdlib]
source = { git = "https://github.com/MystenLabs/sui.git", subdir = "crates/sui-framework/packages/move-stdlib", rev = "718ae563a42fb4ba0d055588f81c704dcef58c25" }
use_environment = "testnet_wip"
manifest_digest = "C4FE4C91DE74CBF223B2E380AE40F592177D21870DC2D7EB6227D2D694E05363"
deps = {}

[pinned.testnet_wip.Sui]
source = { git = "https://github.com/MystenLabs/sui.git", subdir = "crates/sui-framework/packages/sui-framework", rev = "718ae563a42fb4ba0d055588f81c704dcef58c25" }
use_environment = "testnet_wip"
manifest_digest = "28356E8C7042E1BCC8404F5FA3CEA0D71945B2718D66C5B565A19C0E0FF13513"
deps = { MoveStdlib = "MoveStdlib" }

[pinned.testnet_wip.token]
source = { root = true }
use_environment = "testnet_wip"
manifest_digest = "D348BEDDD6FFFF67DF5CB640D02150D6B88DD7F9BAE074A0CED9BC3CB5BFD521"
deps = { std = "MoveStdlib", sui = "Sui" }
