# Generated by move; do not edit
# This file should be checked in.

[move]
version = 4

[pinned.testnet_stillness.MoveStdlib]
source = { git = "https://github.com/MystenLabs/sui.git", subdir = "crates/sui-framework/packages/move-stdlib", rev = "b0535f1f3a3310e71790e90d8ae4e8ca840c897e" }
use_environment = "testnet_stillness"
manifest_digest = "C4FE4C91DE74CBF223B2E380AE40F592177D21870DC2D7EB6227D2D694E05363"
deps = {}

[pinned.testnet_stillness.MoveStdlib_1]
source = { git = "https://github.com/MystenLabs/sui.git", subdir = "crates/sui-framework/packages/move-stdlib", rev = "ceaaff1cc84c1ba2f12c4e7928914ece81fbdd0f" }
use_environment = "testnet_stillness"
manifest_digest = "C4FE4C91DE74CBF223B2E380AE40F592177D21870DC2D7EB6227D2D694E05363"
deps = {}

[pinned.testnet_stillness.Sui]
source = { git = "https://github.com/MystenLabs/sui.git", subdir = "crates/sui-framework/packages/sui-framework", rev = "b0535f1f3a3310e71790e90d8ae4e8ca840c897e" }
use_environment = "testnet_stillness"
manifest_digest = "38D8855849DF7CA0FAD3B9510DD9EC3755149F5B283E45CA6547194ADFF90D73"
deps = { MoveStdlib = "MoveStdlib" }

[pinned.testnet_stillness.Sui_1]
source = { git = "https://github.com/MystenLabs/sui.git", subdir = "crates/sui-framework/packages/sui-framework", rev = "ceaaff1cc84c1ba2f12c4e7928914ece81fbdd0f" }
use_environment = "testnet_stillness"
manifest_digest = "38D8855849DF7CA0FAD3B9510DD9EC3755149F5B283E45CA6547194ADFF90D73"
deps = { MoveStdlib = "MoveStdlib_1" }

[pinned.testnet_stillness.multicoin]
source = { git = "https://github.com/Algorithmic-Warfare/multicoin", subdir = "packages/multicoin", rev = "2772c26d24c02671726d39f167b8f772777875d9" }
use_environment = "testnet_stillness"
manifest_digest = "F9E9049D3BBD97DDD059B97AA23436FCF53B91042015F80D4B5593407FD6A1F8"
deps = { Sui = "Sui_1" }

[pinned.testnet_stillness.token]
source = { local = "../token" }
use_environment = "testnet_stillness"
manifest_digest = "16363423CD37589C5B9A56E3F9E984FED988276E0134635135B45CB4480A9484"
deps = { std = "MoveStdlib", sui = "Sui" }

[pinned.testnet_stillness.triex]
source = { root = true }
use_environment = "testnet_stillness"
manifest_digest = "835FE8BDE3667D6657EBADF174E9A70AE89B8DB6DEE61C0F84BF0A8327387E0B"
deps = { multicoin = "multicoin", std = "MoveStdlib", sui = "Sui", token = "token" }
